// !$*UTF8*$!
{
	archiveVersion = 1;
	classes = {
	};
	objectVersion = 46;
	objects = {

/* Begin PBXBuildFile section */
		849DC9101DE2181B007A180B /* AppDelegate.swift in Sources */ = {isa = PBXBuildFile; fileRef = 849DC90F1DE2181B007A180B /* AppDelegate.swift */; };
		849DC9151DE2181B007A180B /* Main.storyboard in Resources */ = {isa = PBXBuildFile; fileRef = 849DC9131DE2181B007A180B /* Main.storyboard */; };
		849DC9171DE2181B007A180B /* Assets.xcassets in Resources */ = {isa = PBXBuildFile; fileRef = 849DC9161DE2181B007A180B /* Assets.xcassets */; };
		849DC91A1DE2181B007A180B /* LaunchScreen.storyboard in Resources */ = {isa = PBXBuildFile; fileRef = 849DC9181DE2181B007A180B /* LaunchScreen.storyboard */; };
		849DC9241DE21E7F007A180B /* MainViewController.swift in Sources */ = {isa = PBXBuildFile; fileRef = 849DC9231DE21E7F007A180B /* MainViewController.swift */; };
		849DC9261DE21FE9007A180B /* AllPtTableViewController.swift in Sources */ = {isa = PBXBuildFile; fileRef = 849DC9251DE21FE9007A180B /* AllPtTableViewController.swift */; };
/* End PBXBuildFile section */

/* Begin PBXFileReference section */
		849DC90C1DE2181B007A180B /* exercise pal.app */ = {isa = PBXFileReference; explicitFileType = wrapper.application; includeInIndex = 0; path = "exercise pal.app"; sourceTree = BUILT_PRODUCTS_DIR; };
		849DC90F1DE2181B007A180B /* AppDelegate.swift */ = {isa = PBXFileReference; lastKnownFileType = sourcecode.swift; path = AppDelegate.swift; sourceTree = "<group>"; };
		849DC9141DE2181B007A180B /* Base */ = {isa = PBXFileReference; lastKnownFileType = file.storyboard; name = Base; path = Base.lproj/Main.storyboard; sourceTree = "<group>"; };
		849DC9161DE2181B007A180B /* Assets.xcassets */ = {isa = PBXFileReference; lastKnownFileType = folder.assetcatalog; path = Assets.xcassets; sourceTree = "<group>"; };
		849DC9191DE2181B007A180B /* Base */ = {isa = PBXFileReference; lastKnownFileType = file.storyboard; name = Base; path = Base.lproj/LaunchScreen.storyboard; sourceTree = "<group>"; };
		849DC91B1DE2181B007A180B /* Info.plist */ = {isa = PBXFileReference; lastKnownFileType = text.plist.xml; path = Info.plist; sourceTree = "<group>"; };
		849DC9231DE21E7F007A180B /* MainViewController.swift */ = {isa = PBXFileReference; fileEncoding = 4; lastKnownFileType = sourcecode.swift; name = MainViewController.swift; path = ../MainViewController.swift; sourceTree = "<group>"; };
		849DC9251DE21FE9007A180B /* AllPtTableViewController.swift */ = {isa = PBXFileReference; fileEncoding = 4; lastKnownFileType = sourcecode.swift; path = AllPtTableViewController.swift; sourceTree = "<group>"; };
/* End PBXFileReference section */

/* Begin PBXFrameworksBuildPhase section */
		849DC9091DE2181B007A180B /* Frameworks */ = {
			isa = PBXFrameworksBuildPhase;
			buildActionMask = 2147483647;
			files = (
			);
			runOnlyForDeploymentPostprocessing = 0;
		};
/* End PBXFrameworksBuildPhase section */

/* Begin PBXGroup section */
		849DC9031DE2181B007A180B = {
			isa = PBXGroup;
			children = (
				849DC90E1DE2181B007A180B /* exercise pal */,
				849DC90D1DE2181B007A180B /* Products */,
			);
			sourceTree = "<group>";
		};
		849DC90D1DE2181B007A180B /* Products */ = {
			isa = PBXGroup;
			children = (
				849DC90C1DE2181B007A180B /* exercise pal.app */,
			);
			name = Products;
			sourceTree = "<group>";
		};
		849DC90E1DE2181B007A180B /* exercise pal */ = {
			isa = PBXGroup;
			children = (
				849DC9231DE21E7F007A180B /* MainViewController.swift */,
				849DC90F1DE2181B007A180B /* AppDelegate.swift */,
				849DC9131DE2181B007A180B /* Main.storyboard */,
				849DC9251DE21FE9007A180B /* AllPtTableViewController.swift */,
				849DC9161DE2181B007A180B /* Assets.xcassets */,
				849DC9181DE2181B007A180B /* LaunchScreen.storyboard */,
				849DC91B1DE2181B007A180B /* Info.plist */,
			);
			path = "exercise pal";
			sourceTree = "<group>";
		};
/* End PBXGroup section */

/* Begin PBXNativeTarget section */
		849DC90B1DE2181B007A180B /* exercise pal */ = {
			isa = PBXNativeTarget;
			buildConfigurationList = 849DC91E1DE2181B007A180B /* Build configuration list for PBXNativeTarget "exercise pal" */;
			buildPhases = (
				849DC9081DE2181B007A180B /* Sources */,
				849DC9091DE2181B007A180B /* Frameworks */,
				849DC90A1DE2181B007A180B /* Resources */,
			);
			buildRules = (
			);
			dependencies = (
			);
			name = "exercise pal";
			productName = "exercise pal";
			productReference = 849DC90C1DE2181B007A180B /* exercise pal.app */;
			productType = "com.apple.product-type.application";
		};
/* End PBXNativeTarget section */

/* Begin PBXProject section */
		849DC9041DE2181B007A180B /* Project object */ = {
			isa = PBXProject;
			attributes = {
				LastSwiftUpdateCheck = 0720;
				LastUpgradeCheck = 0720;
				ORGANIZATIONNAME = "Melissa Perenson";
				TargetAttributes = {
					849DC90B1DE2181B007A180B = {
						CreatedOnToolsVersion = 7.2.1;
					};
				};
			};
			buildConfigurationList = 849DC9071DE2181B007A180B /* Build configuration list for PBXProject "exercise pal" */;
			compatibilityVersion = "Xcode 3.2";
			developmentRegion = English;
			hasScannedForEncodings = 0;
			knownRegions = (
				en,
				Base,
			);
			mainGroup = 849DC9031DE2181B007A180B;
			productRefGroup = 849DC90D1DE2181B007A180B /* Products */;
			projectDirPath = "";
			projectRoot = "";
			targets = (
				849DC90B1DE2181B007A180B /* exercise pal */,
			);
		};
/* End PBXProject section */

/* Begin PBXResourcesBuildPhase section */
		849DC90A1DE2181B007A180B /* Resources */ = {
			isa = PBXResourcesBuildPhase;
			buildActionMask = 2147483647;
			files = (
				849DC91A1DE2181B007A180B /* LaunchScreen.storyboard in Resources */,
				849DC9171DE2181B007A180B /* Assets.xcassets in Resources */,
				849DC9151DE2181B007A180B /* Main.storyboard in Resources */,
			);
			runOnlyForDeploymentPostprocessing = 0;
		};
/* End PBXResourcesBuildPhase section */

/* Begin PBXSourcesBuildPhase section */
		849DC9081DE2181B007A180B /* Sources */ = {
			isa = PBXSourcesBuildPhase;
			buildActionMask = 2147483647;
			files = (
				849DC9101DE2181B007A180B /* AppDelegate.swift in Sources */,
				849DC9261DE21FE9007A180B /* AllPtTableViewController.swift in Sources */,
				849DC9241DE21E7F007A180B /* MainViewController.swift in Sources */,
			);
			runOnlyForDeploymentPostprocessing = 0;
		};
/* End PBXSourcesBuildPhase section */

/* Begin PBXVariantGroup section */
		849DC9131DE2181B007A180B /* Main.storyboard */ = {
			isa = PBXVariantGroup;
			children = (
				849DC9141DE2181B007A180B /* Base */,
			);
			name = Main.storyboard;
			sourceTree = "<group>";
		};
		849DC9181DE2181B007A180B /* LaunchScreen.storyboard */ = {
			isa = PBXVariantGroup;
			children = (
				849DC9191DE2181B007A180B /* Base */,
			);
			name = LaunchScreen.storyboard;
			sourceTree = "<group>";
		};
/* End PBXVariantGroup section */

/* Begin XCBuildConfiguration section */
		849DC91C1DE2181B007A180B /* Debug */ = {
			isa = XCBuildConfiguration;
			buildSettings = {
				ALWAYS_SEARCH_USER_PATHS = NO;
				CLANG_CXX_LANGUAGE_STANDARD = "gnu++0x";
				CLANG_CXX_LIBRARY = "libc++";
				CLANG_ENABLE_MODULES = YES;
				CLANG_ENABLE_OBJC_ARC = YES;
				CLANG_WARN_BOOL_CONVERSION = YES;
				CLANG_WARN_CONSTANT_CONVERSION = YES;
				CLANG_WARN_DIRECT_OBJC_ISA_USAGE = YES_ERROR;
				CLANG_WARN_EMPTY_BODY = YES;
				CLANG_WARN_ENUM_CONVERSION = YES;
				CLANG_WARN_INT_CONVERSION = YES;
				CLANG_WARN_OBJC_ROOT_CLASS = YES_ERROR;
				CLANG_WARN_UNREACHABLE_CODE = YES;
				CLANG_WARN__DUPLICATE_METHOD_MATCH = YES;
				"CODE_SIGN_IDENTITY[sdk=iphoneos*]" = "iPhone Developer";
				COPY_PHASE_STRIP = NO;
				DEBUG_INFORMATION_FORMAT = dwarf;
				ENABLE_STRICT_OBJC_MSGSEND = YES;
				ENABLE_TESTABILITY = YES;
				GCC_C_LANGUAGE_STANDARD = gnu99;
				GCC_DYNAMIC_NO_PIC = NO;
				GCC_NO_COMMON_BLOCKS = YES;
				GCC_OPTIMIZATION_LEVEL = 0;
				GCC_PREPROCESSOR_DEFINITIONS = (
					"DEBUG=1",
					"$(inherited)",
				);
				GCC_WARN_64_TO_32_BIT_CONVERSION = YES;
				GCC_WARN_ABOUT_RETURN_TYPE = YES_ERROR;
				GCC_WARN_UNDECLARED_SELECTOR = YES;
				GCC_WARN_UNINITIALIZED_AUTOS = YES_AGGRESSIVE;
				GCC_WARN_UNUSED_FUNCTION = YES;
				GCC_WARN_UNUSED_VARIABLE = YES;
				IPHONEOS_DEPLOYMENT_TARGET = 9.2;
				MTL_ENABLE_DEBUG_INFO = YES;
				ONLY_ACTIVE_ARCH = YES;
				SDKROOT = iphoneos;
				SWIFT_OPTIMIZATION_LEVEL = "-Onone";
				TARGETED_DEVICE_FAMILY = "1,2";
			};
			name = Debug;
		};
		849DC91D1DE2181B007A180B /* Release */ = {
			isa = XCBuildConfiguration;
			buildSettings = {
				ALWAYS_SEARCH_USER_PATHS = NO;
				CLANG_CXX_LANGUAGE_STANDARD = "gnu++0x";
				CLANG_CXX_LIBRARY = "libc++";
				CLANG_ENABLE_MODULES = YES;
				CLANG_ENABLE_OBJC_ARC = YES;
				CLANG_WARN_BOOL_CONVERSION = YES;
				CLANG_WARN_CONSTANT_CONVERSION = YES;
				CLANG_WARN_DIRECT_OBJC_ISA_USAGE = YES_ERROR;
				CLANG_WARN_EMPTY_BODY = YES;
				CLANG_WARN_ENUM_CONVERSION = YES;
				CLANG_WARN_INT_CONVERSION = YES;
				CLANG_WARN_OBJC_ROOT_CLASS = YES_ERROR;
				CLANG_WARN_UNREACHABLE_CODE = YES;
				CLANG_WARN__DUPLICATE_METHOD_MATCH = YES;
				"CODE_SIGN_IDENTITY[sdk=iphoneos*]" = "iPhone Developer";
				COPY_PHASE_STRIP = NO;
				DEBUG_INFORMATION_FORMAT = "dwarf-with-dsym";
				ENABLE_NS_ASSERTIONS = NO;
				ENABLE_STRICT_OBJC_MSGSEND = YES;
				GCC_C_LANGUAGE_STANDARD = gnu99;
				GCC_NO_COMMON_BLOCKS = YES;
				GCC_WARN_64_TO_32_BIT_CONVERSION = YES;
				GCC_WARN_ABOUT_RETURN_TYPE = YES_ERROR;
				GCC_WARN_UNDECLARED_SELECTOR = YES;
				GCC_WARN_UNINITIALIZED_AUTOS = YES_AGGRESSIVE;
				GCC_WARN_UNUSED_FUNCTION = YES;
				GCC_WARN_UNUSED_VARIABLE = YES;
				IPHONEOS_DEPLOYMENT_TARGET = 9.2;
				MTL_ENABLE_DEBUG_INFO = NO;
				SDKROOT = iphoneos;
				TARGETED_DEVICE_FAMILY = "1,2";
				VALIDATE_PRODUCT = YES;
			};
			name = Release;
		};
		849DC91F1DE2181B007A180B /* Debug */ = {
			isa = XCBuildConfiguration;
			buildSettings = {
				ASSETCATALOG_COMPILER_APPICON_NAME = AppIcon;
				INFOPLIST_FILE = "exercise pal/Info.plist";
				IPHONEOS_DEPLOYMENT_TARGET = 9.0;
				LD_RUNPATH_SEARCH_PATHS = "$(inherited) @executable_path/Frameworks";
				PRODUCT_BUNDLE_IDENTIFIER = "com.mperenson.exercise-pal";
				PRODUCT_NAME = "$(TARGET_NAME)";
			};
			name = Debug;
		};
		849DC9201DE2181B007A180B /* Release */ = {
			isa = XCBuildConfiguration;
			buildSettings = {
				ASSETCATALOG_COMPILER_APPICON_NAME = AppIcon;
				INFOPLIST_FILE = "exercise pal/Info.plist";
				IPHONEOS_DEPLOYMENT_TARGET = 9.0;
				LD_RUNPATH_SEARCH_PATHS = "$(inherited) @executable_path/Frameworks";
				PRODUCT_BUNDLE_IDENTIFIER = "com.mperenson.exercise-pal";
				PRODUCT_NAME = "$(TARGET_NAME)";
			};
			name = Release;
		};
/* End XCBuildConfiguration section */

/* Begin XCConfigurationList section */
		849DC9071DE2181B007A180B /* Build configuration list for PBXProject "exercise pal" */ = {
			isa = XCConfigurationList;
			buildConfigurations = (
				849DC91C1DE2181B007A180B /* Debug */,
				849DC91D1DE2181B007A180B /* Release */,
			);
			defaultConfigurationIsVisible = 0;
			defaultConfigurationName = Release;
		};
		849DC91E1DE2181B007A180B /* Build configuration list for PBXNativeTarget "exercise pal" */ = {
			isa = XCConfigurationList;
			buildConfigurations = (
				849DC91F1DE2181B007A180B /* Debug */,
				849DC9201DE2181B007A180B /* Release */,
			);
			defaultConfigurationIsVisible = 0;
		};
/* End XCConfigurationList section */
	};
	rootObject = 849DC9041DE2181B007A180B /* Project object */;
}
